// !$*UTF8*$!
{
	archiveVersion = 1;
	classes = {
	};
	objectVersion = 50;
	objects = {

/* Begin PBXBuildFile section */
		07D0A39425625C6D00D922F0 /* IOS_HW4App.swift in Sources */ = {isa = PBXBuildFile; fileRef = 07D0A39325625C6D00D922F0 /* IOS_HW4App.swift */; };
		07D0A39625625C6D00D922F0 /* ContentView.swift in Sources */ = {isa = PBXBuildFile; fileRef = 07D0A39525625C6D00D922F0 /* ContentView.swift */; };
		07D0A39825625C7000D922F0 /* Assets.xcassets in Resources */ = {isa = PBXBuildFile; fileRef = 07D0A39725625C7000D922F0 /* Assets.xcassets */; };
		07D0A39B25625C7000D922F0 /* Preview Assets.xcassets in Resources */ = {isa = PBXBuildFile; fileRef = 07D0A39A25625C7000D922F0 /* Preview Assets.xcassets */; };
		07D0A3A425625CEA00D922F0 /* PersonList.swift in Sources */ = {isa = PBXBuildFile; fileRef = 07D0A3A325625CEA00D922F0 /* PersonList.swift */; };
		07D0A3A725625CFC00D922F0 /* PersonRow.swift in Sources */ = {isa = PBXBuildFile; fileRef = 07D0A3A625625CFC00D922F0 /* PersonRow.swift */; };
		07D0A3AA25625D1900D922F0 /* ChartView.swift in Sources */ = {isa = PBXBuildFile; fileRef = 07D0A3A925625D1900D922F0 /* ChartView.swift */; };
		07D0A3AD25625D3000D922F0 /* PersonEditor.swift in Sources */ = {isa = PBXBuildFile; fileRef = 07D0A3AC25625D3000D922F0 /* PersonEditor.swift */; };
		07D0A3B425625D6A00D922F0 /* Person.swift in Sources */ = {isa = PBXBuildFile; fileRef = 07D0A3B325625D6A00D922F0 /* Person.swift */; };
		07D0A3B725625D7300D922F0 /* PersonData.swift in Sources */ = {isa = PBXBuildFile; fileRef = 07D0A3B625625D7300D922F0 /* PersonData.swift */; };
/* End PBXBuildFile section */

/* Begin PBXFileReference section */
		07D0A39025625C6D00D922F0 /* IOS_HW4.app */ = {isa = PBXFileReference; explicitFileType = wrapper.application; includeInIndex = 0; path = IOS_HW4.app; sourceTree = BUILT_PRODUCTS_DIR; };
		07D0A39325625C6D00D922F0 /* IOS_HW4App.swift */ = {isa = PBXFileReference; lastKnownFileType = sourcecode.swift; path = IOS_HW4App.swift; sourceTree = "<group>"; };
		07D0A39525625C6D00D922F0 /* ContentView.swift */ = {isa = PBXFileReference; lastKnownFileType = sourcecode.swift; path = ContentView.swift; sourceTree = "<group>"; };
		07D0A39725625C7000D922F0 /* Assets.xcassets */ = {isa = PBXFileReference; lastKnownFileType = folder.assetcatalog; path = Assets.xcassets; sourceTree = "<group>"; };
		07D0A39A25625C7000D922F0 /* Preview Assets.xcassets */ = {isa = PBXFileReference; lastKnownFileType = folder.assetcatalog; path = "Preview Assets.xcassets"; sourceTree = "<group>"; };
		07D0A39C25625C7000D922F0 /* Info.plist */ = {isa = PBXFileReference; lastKnownFileType = text.plist.xml; path = Info.plist; sourceTree = "<group>"; };
		07D0A3A325625CEA00D922F0 /* PersonList.swift */ = {isa = PBXFileReference; lastKnownFileType = sourcecode.swift; path = PersonList.swift; sourceTree = "<group>"; };
		07D0A3A625625CFC00D922F0 /* PersonRow.swift */ = {isa = PBXFileReference; lastKnownFileType = sourcecode.swift; path = PersonRow.swift; sourceTree = "<group>"; };
		07D0A3A925625D1900D922F0 /* ChartView.swift */ = {isa = PBXFileReference; lastKnownFileType = sourcecode.swift; path = ChartView.swift; sourceTree = "<group>"; };
		07D0A3AC25625D3000D922F0 /* PersonEditor.swift */ = {isa = PBXFileReference; lastKnownFileType = sourcecode.swift; path = PersonEditor.swift; sourceTree = "<group>"; };
		07D0A3B325625D6A00D922F0 /* Person.swift */ = {isa = PBXFileReference; lastKnownFileType = sourcecode.swift; path = Person.swift; sourceTree = "<group>"; };
		07D0A3B625625D7300D922F0 /* PersonData.swift */ = {isa = PBXFileReference; lastKnownFileType = sourcecode.swift; path = PersonData.swift; sourceTree = "<group>"; };
/* End PBXFileReference section */

/* Begin PBXFrameworksBuildPhase section */
		07D0A38D25625C6D00D922F0 /* Frameworks */ = {
			isa = PBXFrameworksBuildPhase;
			buildActionMask = 2147483647;
			files = (
			);
			runOnlyForDeploymentPostprocessing = 0;
		};
/* End PBXFrameworksBuildPhase section */

/* Begin PBXGroup section */
		07D0A38725625C6D00D922F0 = {
			isa = PBXGroup;
			children = (
				07D0A39225625C6D00D922F0 /* IOS_HW4 */,
				07D0A39125625C6D00D922F0 /* Products */,
			);
			sourceTree = "<group>";
		};
		07D0A39125625C6D00D922F0 /* Products */ = {
			isa = PBXGroup;
			children = (
				07D0A39025625C6D00D922F0 /* IOS_HW4.app */,
			);
			name = Products;
			sourceTree = "<group>";
		};
		07D0A39225625C6D00D922F0 /* IOS_HW4 */ = {
			isa = PBXGroup;
			children = (
				07D0A39325625C6D00D922F0 /* IOS_HW4App.swift */,
				07D0A39525625C6D00D922F0 /* ContentView.swift */,
				07D0A3A325625CEA00D922F0 /* PersonList.swift */,
				07D0A3B325625D6A00D922F0 /* Person.swift */,
				07D0A3B625625D7300D922F0 /* PersonData.swift */,
				07D0A3A625625CFC00D922F0 /* PersonRow.swift */,
				07D0A3A925625D1900D922F0 /* ChartView.swift */,
				07D0A3AC25625D3000D922F0 /* PersonEditor.swift */,
				07D0A39725625C7000D922F0 /* Assets.xcassets */,
				07D0A39C25625C7000D922F0 /* Info.plist */,
				07D0A39925625C7000D922F0 /* Preview Content */,
			);
			path = IOS_HW4;
			sourceTree = "<group>";
		};
		07D0A39925625C7000D922F0 /* Preview Content */ = {
			isa = PBXGroup;
			children = (
				07D0A39A25625C7000D922F0 /* Preview Assets.xcassets */,
			);
			path = "Preview Content";
			sourceTree = "<group>";
		};
/* End PBXGroup section */

/* Begin PBXNativeTarget section */
		07D0A38F25625C6D00D922F0 /* IOS_HW4 */ = {
			isa = PBXNativeTarget;
			buildConfigurationList = 07D0A39F25625C7000D922F0 /* Build configuration list for PBXNativeTarget "IOS_HW4" */;
			buildPhases = (
				07D0A38C25625C6D00D922F0 /* Sources */,
				07D0A38D25625C6D00D922F0 /* Frameworks */,
				07D0A38E25625C6D00D922F0 /* Resources */,
			);
			buildRules = (
			);
			dependencies = (
			);
			name = IOS_HW4;
			productName = IOS_HW4;
			productReference = 07D0A39025625C6D00D922F0 /* IOS_HW4.app */;
			productType = "com.apple.product-type.application";
		};
/* End PBXNativeTarget section */

/* Begin PBXProject section */
		07D0A38825625C6D00D922F0 /* Project object */ = {
			isa = PBXProject;
			attributes = {
				LastSwiftUpdateCheck = 1210;
				LastUpgradeCheck = 1210;
				TargetAttributes = {
					07D0A38F25625C6D00D922F0 = {
						CreatedOnToolsVersion = 12.1;
					};
				};
			};
			buildConfigurationList = 07D0A38B25625C6D00D922F0 /* Build configuration list for PBXProject "IOS_HW4" */;
			compatibilityVersion = "Xcode 9.3";
			developmentRegion = en;
			hasScannedForEncodings = 0;
			knownRegions = (
				en,
				Base,
			);
			mainGroup = 07D0A38725625C6D00D922F0;
			productRefGroup = 07D0A39125625C6D00D922F0 /* Products */;
			projectDirPath = "";
			projectRoot = "";
			targets = (
				07D0A38F25625C6D00D922F0 /* IOS_HW4 */,
			);
		};
/* End PBXProject section */

/* Begin PBXResourcesBuildPhase section */
		07D0A38E25625C6D00D922F0 /* Resources */ = {
			isa = PBXResourcesBuildPhase;
			buildActionMask = 2147483647;
			files = (
				07D0A39B25625C7000D922F0 /* Preview Assets.xcassets in Resources */,
				07D0A39825625C7000D922F0 /* Assets.xcassets in Resources */,
			);
			runOnlyForDeploymentPostprocessing = 0;
		};
/* End PBXResourcesBuildPhase section */

/* Begin PBXSourcesBuildPhase section */
		07D0A38C25625C6D00D922F0 /* Sources */ = {
			isa = PBXSourcesBuildPhase;
			buildActionMask = 2147483647;
			files = (
				07D0A39625625C6D00D922F0 /* ContentView.swift in Sources */,
				07D0A3A725625CFC00D922F0 /* PersonRow.swift in Sources */,
				07D0A3A425625CEA00D922F0 /* PersonList.swift in Sources */,
				07D0A3AA25625D1900D922F0 /* ChartView.swift in Sources */,
				07D0A3B725625D7300D922F0 /* PersonData.swift in Sources */,
				07D0A3B425625D6A00D922F0 /* Person.swift in Sources */,
				07D0A39425625C6D00D922F0 /* IOS_HW4App.swift in Sources */,
				07D0A3AD25625D3000D922F0 /* PersonEditor.swift in Sources */,
			);
			runOnlyForDeploymentPostprocessing = 0;
		};
/* End PBXSourcesBuildPhase section */

/* Begin XCBuildConfiguration section */
		07D0A39D25625C7000D922F0 /* Debug */ = {
			isa = XCBuildConfiguration;
			buildSettings = {
				ALWAYS_SEARCH_USER_PATHS = NO;
				CLANG_ANALYZER_NONNULL = YES;
				CLANG_ANALYZER_NUMBER_OBJECT_CONVERSION = YES_AGGRESSIVE;
				CLANG_CXX_LANGUAGE_STANDARD = "gnu++14";
				CLANG_CXX_LIBRARY = "libc++";
				CLANG_ENABLE_MODULES = YES;
				CLANG_ENABLE_OBJC_ARC = YES;
				CLANG_ENABLE_OBJC_WEAK = YES;
				CLANG_WARN_BLOCK_CAPTURE_AUTORELEASING = YES;
				CLANG_WARN_BOOL_CONVERSION = YES;
				CLANG_WARN_COMMA = YES;
				CLANG_WARN_CONSTANT_CONVERSION = YES;
				CLANG_WARN_DEPRECATED_OBJC_IMPLEMENTATIONS = YES;
				CLANG_WARN_DIRECT_OBJC_ISA_USAGE = YES_ERROR;
				CLANG_WARN_DOCUMENTATION_COMMENTS = YES;
				CLANG_WARN_EMPTY_BODY = YES;
				CLANG_WARN_ENUM_CONVERSION = YES;
				CLANG_WARN_INFINITE_RECURSION = YES;
				CLANG_WARN_INT_CONVERSION = YES;
				CLANG_WARN_NON_LITERAL_NULL_CONVERSION = YES;
				CLANG_WARN_OBJC_IMPLICIT_RETAIN_SELF = YES;
				CLANG_WARN_OBJC_LITERAL_CONVERSION = YES;
				CLANG_WARN_OBJC_ROOT_CLASS = YES_ERROR;
				CLANG_WARN_QUOTED_INCLUDE_IN_FRAMEWORK_HEADER = YES;
				CLANG_WARN_RANGE_LOOP_ANALYSIS = YES;
				CLANG_WARN_STRICT_PROTOTYPES = YES;
				CLANG_WARN_SUSPICIOUS_MOVE = YES;
				CLANG_WARN_UNGUARDED_AVAILABILITY = YES_AGGRESSIVE;
				CLANG_WARN_UNREACHABLE_CODE = YES;
				CLANG_WARN__DUPLICATE_METHOD_MATCH = YES;
				COPY_PHASE_STRIP = NO;
				DEBUG_INFORMATION_FORMAT = dwarf;
				ENABLE_STRICT_OBJC_MSGSEND = YES;
				ENABLE_TESTABILITY = YES;
				GCC_C_LANGUAGE_STANDARD = gnu11;
				GCC_DYNAMIC_NO_PIC = NO;
				GCC_NO_COMMON_BLOCKS = YES;
				GCC_OPTIMIZATION_LEVEL = 0;
				GCC_PREPROCESSOR_DEFINITIONS = (
					"DEBUG=1",
					"$(inherited)",
				);
				GCC_WARN_64_TO_32_BIT_CONVERSION = YES;
				GCC_WARN_ABOUT_RETURN_TYPE = YES_ERROR;
				GCC_WARN_UNDECLARED_SELECTOR = YES;
				GCC_WARN_UNINITIALIZED_AUTOS = YES_AGGRESSIVE;
				GCC_WARN_UNUSED_FUNCTION = YES;
				GCC_WARN_UNUSED_VARIABLE = YES;
				IPHONEOS_DEPLOYMENT_TARGET = 14.1;
				MTL_ENABLE_DEBUG_INFO = INCLUDE_SOURCE;
				MTL_FAST_MATH = YES;
				ONLY_ACTIVE_ARCH = YES;
				SDKROOT = iphoneos;
				SWIFT_ACTIVE_COMPILATION_CONDITIONS = DEBUG;
				SWIFT_OPTIMIZATION_LEVEL = "-Onone";
			};
			name = Debug;
		};
		07D0A39E25625C7000D922F0 /* Release */ = {
			isa = XCBuildConfiguration;
			buildSettings = {
				ALWAYS_SEARCH_USER_PATHS = NO;
				CLANG_ANALYZER_NONNULL = YES;
				CLANG_ANALYZER_NUMBER_OBJECT_CONVERSION = YES_AGGRESSIVE;
				CLANG_CXX_LANGUAGE_STANDARD = "gnu++14";
				CLANG_CXX_LIBRARY = "libc++";
				CLANG_ENABLE_MODULES = YES;
				CLANG_ENABLE_OBJC_ARC = YES;
				CLANG_ENABLE_OBJC_WEAK = YES;
				CLANG_WARN_BLOCK_CAPTURE_AUTORELEASING = YES;
				CLANG_WARN_BOOL_CONVERSION = YES;
				CLANG_WARN_COMMA = YES;
				CLANG_WARN_CONSTANT_CONVERSION = YES;
				CLANG_WARN_DEPRECATED_OBJC_IMPLEMENTATIONS = YES;
				CLANG_WARN_DIRECT_OBJC_ISA_USAGE = YES_ERROR;
				CLANG_WARN_DOCUMENTATION_COMMENTS = YES;
				CLANG_WARN_EMPTY_BODY = YES;
				CLANG_WARN_ENUM_CONVERSION = YES;
				CLANG_WARN_INFINITE_RECURSION = YES;
				CLANG_WARN_INT_CONVERSION = YES;
				CLANG_WARN_NON_LITERAL_NULL_CONVERSION = YES;
				CLANG_WARN_OBJC_IMPLICIT_RETAIN_SELF = YES;
				CLANG_WARN_OBJC_LITERAL_CONVERSION = YES;
				CLANG_WARN_OBJC_ROOT_CLASS = YES_ERROR;
				CLANG_WARN_QUOTED_INCLUDE_IN_FRAMEWORK_HEADER = YES;
				CLANG_WARN_RANGE_LOOP_ANALYSIS = YES;
				CLANG_WARN_STRICT_PROTOTYPES = YES;
				CLANG_WARN_SUSPICIOUS_MOVE = YES;
				CLANG_WARN_UNGUARDED_AVAILABILITY = YES_AGGRESSIVE;
				CLANG_WARN_UNREACHABLE_CODE = YES;
				CLANG_WARN__DUPLICATE_METHOD_MATCH = YES;
				COPY_PHASE_STRIP = NO;
				DEBUG_INFORMATION_FORMAT = "dwarf-with-dsym";
				ENABLE_NS_ASSERTIONS = NO;
				ENABLE_STRICT_OBJC_MSGSEND = YES;
				GCC_C_LANGUAGE_STANDARD = gnu11;
				GCC_NO_COMMON_BLOCKS = YES;
				GCC_WARN_64_TO_32_BIT_CONVERSION = YES;
				GCC_WARN_ABOUT_RETURN_TYPE = YES_ERROR;
				GCC_WARN_UNDECLARED_SELECTOR = YES;
				GCC_WARN_UNINITIALIZED_AUTOS = YES_AGGRESSIVE;
				GCC_WARN_UNUSED_FUNCTION = YES;
				GCC_WARN_UNUSED_VARIABLE = YES;
				IPHONEOS_DEPLOYMENT_TARGET = 14.1;
				MTL_ENABLE_DEBUG_INFO = NO;
				MTL_FAST_MATH = YES;
				SDKROOT = iphoneos;
				SWIFT_COMPILATION_MODE = wholemodule;
				SWIFT_OPTIMIZATION_LEVEL = "-O";
				VALIDATE_PRODUCT = YES;
			};
			name = Release;
		};
		07D0A3A025625C7000D922F0 /* Debug */ = {
			isa = XCBuildConfiguration;
			buildSettings = {
				ASSETCATALOG_COMPILER_APPICON_NAME = AppIcon;
				ASSETCATALOG_COMPILER_GLOBAL_ACCENT_COLOR_NAME = AccentColor;
				CODE_SIGN_STYLE = Automatic;
				DEVELOPMENT_ASSET_PATHS = "\"IOS_HW4/Preview Content\"";
				ENABLE_PREVIEWS = YES;
				INFOPLIST_FILE = IOS_HW4/Info.plist;
				IPHONEOS_DEPLOYMENT_TARGET = 14.0;
				LD_RUNPATH_SEARCH_PATHS = (
					"$(inherited)",
					"@executable_path/Frameworks",
				);
				PRODUCT_BUNDLE_IDENTIFIER = "ccc.IOS-HW4";
				PRODUCT_NAME = "$(TARGET_NAME)";
				SWIFT_VERSION = 5.0;
				TARGETED_DEVICE_FAMILY = "1,2";
			};
			name = Debug;
		};
		07D0A3A125625C7000D922F0 /* Release */ = {
			isa = XCBuildConfiguration;
			buildSettings = {
				ASSETCATALOG_COMPILER_APPICON_NAME = AppIcon;
				ASSETCATALOG_COMPILER_GLOBAL_ACCENT_COLOR_NAME = AccentColor;
				CODE_SIGN_STYLE = Automatic;
				DEVELOPMENT_ASSET_PATHS = "\"IOS_HW4/Preview Content\"";
				ENABLE_PREVIEWS = YES;
				INFOPLIST_FILE = IOS_HW4/Info.plist;
				IPHONEOS_DEPLOYMENT_TARGET = 14.0;
				LD_RUNPATH_SEARCH_PATHS = (
					"$(inherited)",
					"@executable_path/Frameworks",
				);
				PRODUCT_BUNDLE_IDENTIFIER = "ccc.IOS-HW4";
				PRODUCT_NAME = "$(TARGET_NAME)";
				SWIFT_VERSION = 5.0;
				TARGETED_DEVICE_FAMILY = "1,2";
			};
			name = Release;
		};
/* End XCBuildConfiguration section */

/* Begin XCConfigurationList section */
		07D0A38B25625C6D00D922F0 /* Build configuration list for PBXProject "IOS_HW4" */ = {
			isa = XCConfigurationList;
			buildConfigurations = (
				07D0A39D25625C7000D922F0 /* Debug */,
				07D0A39E25625C7000D922F0 /* Release */,
			);
			defaultConfigurationIsVisible = 0;
			defaultConfigurationName = Release;
		};
		07D0A39F25625C7000D922F0 /* Build configuration list for PBXNativeTarget "IOS_HW4" */ = {
			isa = XCConfigurationList;
			buildConfigurations = (
				07D0A3A025625C7000D922F0 /* Debug */,
				07D0A3A125625C7000D922F0 /* Release */,
			);
			defaultConfigurationIsVisible = 0;
			defaultConfigurationName = Release;
		};
/* End XCConfigurationList section */
	};
	rootObject = 07D0A38825625C6D00D922F0 /* Project object */;
}
